
Microsoft Visual Studio Solution File, Format Version 12.00
# Visual Studio 15
VisualStudioVersion = 15.0.28307.852
MinimumVisualStudioVersion = 10.0.40219.1
Project("{FAE04EC0-301F-11D3-BF4B-00C04F79EFBC}") = "Tdd", "Tdd\Tdd.csproj", "{B432D706-B538-46CC-A635-E1E9883FFC1B}"
EndProject
Project("{FAE04EC0-301F-11D3-BF4B-00C04F79EFBC}") = "TddTests", "TddTests\TddTests.csproj", "{58C6AE81-B5A9-4407-8B63-A986D9DD73DD}"
EndProject
Project("{FAE04EC0-301F-11D3-BF4B-00C04F79EFBC}") = "YipYopTests", "YipYopTests\YipYopTests.csproj", "{E58DCF58-2AA3-42FD-8385-62CD9F862B9D}"
EndProject
Global
	GlobalSection(SolutionConfigurationPlatforms) = preSolution
		Debug|Any CPU = Debug|Any CPU
		Release|Any CPU = Release|Any CPU
	EndGlobalSection
	GlobalSection(ProjectConfigurationPlatforms) = postSolution
		{B432D706-B538-46CC-A635-E1E9883FFC1B}.Debug|Any CPU.ActiveCfg = Debug|Any CPU
		{B432D706-B538-46CC-A635-E1E9883FFC1B}.Debug|Any CPU.Build.0 = Debug|Any CPU
		{B432D706-B538-46CC-A635-E1E9883FFC1B}.Release|Any CPU.ActiveCfg = Release|Any CPU
		{B432D706-B538-46CC-A635-E1E9883FFC1B}.Release|Any CPU.Build.0 = Release|Any CPU
		{58C6AE81-B5A9-4407-8B63-A986D9DD73DD}.Debug|Any CPU.ActiveCfg = Debug|Any CPU
		{58C6AE81-B5A9-4407-8B63-A986D9DD73DD}.Debug|Any CPU.Build.0 = Debug|Any CPU
		{58C6AE81-B5A9-4407-8B63-A986D9DD73DD}.Release|Any CPU.ActiveCfg = Release|Any CPU
		{58C6AE81-B5A9-4407-8B63-A986D9DD73DD}.Release|Any CPU.Build.0 = Release|Any CPU
		{E58DCF58-2AA3-42FD-8385-62CD9F862B9D}.Debug|Any CPU.ActiveCfg = Debug|Any CPU
		{E58DCF58-2AA3-42FD-8385-62CD9F862B9D}.Debug|Any CPU.Build.0 = Debug|Any CPU
		{E58DCF58-2AA3-42FD-8385-62CD9F862B9D}.Release|Any CPU.ActiveCfg = Release|Any CPU
		{E58DCF58-2AA3-42FD-8385-62CD9F862B9D}.Release|Any CPU.Build.0 = Release|Any CPU
	EndGlobalSection
	GlobalSection(SolutionProperties) = preSolution
		HideSolutionNode = FALSE
	EndGlobalSection
	GlobalSection(ExtensibilityGlobals) = postSolution
		SolutionGuid = {CEA184E9-AD86-49A0-BCB6-DF6893728E4D}
	EndGlobalSection
EndGlobal
